
Microsoft Visual Studio Solution File, Format Version 11.00
# Visual C# Express 2010
Project("{FAE04EC0-301F-11D3-BF4B-00C04F79EFBC}") = "Dakikayı Saate çevirme", "Dakikayı Saate çevirme\Dakikayı Saate çevirme.csproj", "{D76D0D8C-74D7-434A-96B3-D3442888C709}"
EndProject
Global
	GlobalSection(SolutionConfigurationPlatforms) = preSolution
		Debug|x86 = Debug|x86
		Release|x86 = Release|x86
	EndGlobalSection
	GlobalSection(ProjectConfigurationPlatforms) = postSolution
		{D76D0D8C-74D7-434A-96B3-D3442888C709}.Debug|x86.ActiveCfg = Debug|x86
		{D76D0D8C-74D7-434A-96B3-D3442888C709}.Debug|x86.Build.0 = Debug|x86
		{D76D0D8C-74D7-434A-96B3-D3442888C709}.Release|x86.ActiveCfg = Release|x86
		{D76D0D8C-74D7-434A-96B3-D3442888C709}.Release|x86.Build.0 = Release|x86
	EndGlobalSection
	GlobalSection(SolutionProperties) = preSolution
		HideSolutionNode = FALSE
	EndGlobalSection
EndGlobal
